
Microsoft Visual Studio Solution File, Format Version 12.00
# Visual Studio 2013
VisualStudioVersion = 12.0.31101.0
MinimumVisualStudioVersion = 10.0.40219.1
Project("{FAE04EC0-301F-11D3-BF4B-00C04F79EFBC}") = "WebApp", "WebApp\WebApp.csproj", "{F7B7CC57-6824-4121-954E-393088A280A7}"
EndProject
Project("{FAE04EC0-301F-11D3-BF4B-00C04F79EFBC}") = "WebApp.Tests", "WebApp.Tests\WebApp.Tests.csproj", "{70EB3AF7-47BE-4A01-A74A-DA33992AE024}"
EndProject
Global
	GlobalSection(SolutionConfigurationPlatforms) = preSolution
		Debug|Any CPU = Debug|Any CPU
		Release|Any CPU = Release|Any CPU
	EndGlobalSection
	GlobalSection(ProjectConfigurationPlatforms) = postSolution
		{F7B7CC57-6824-4121-954E-393088A280A7}.Debug|Any CPU.ActiveCfg = Debug|Any CPU
		{F7B7CC57-6824-4121-954E-393088A280A7}.Debug|Any CPU.Build.0 = Debug|Any CPU
		{F7B7CC57-6824-4121-954E-393088A280A7}.Release|Any CPU.ActiveCfg = Release|Any CPU
		{F7B7CC57-6824-4121-954E-393088A280A7}.Release|Any CPU.Build.0 = Release|Any CPU
		{70EB3AF7-47BE-4A01-A74A-DA33992AE024}.Debug|Any CPU.ActiveCfg = Debug|Any CPU
		{70EB3AF7-47BE-4A01-A74A-DA33992AE024}.Debug|Any CPU.Build.0 = Debug|Any CPU
		{70EB3AF7-47BE-4A01-A74A-DA33992AE024}.Release|Any CPU.ActiveCfg = Release|Any CPU
		{70EB3AF7-47BE-4A01-A74A-DA33992AE024}.Release|Any CPU.Build.0 = Release|Any CPU
	EndGlobalSection
	GlobalSection(SolutionProperties) = preSolution
		HideSolutionNode = FALSE
	EndGlobalSection
EndGlobal
